PODS:
  - BEMCheckBox (1.4.1)
  - EasyPeasy (1.4.2)
  - Firebase (4.0.3):
    - Firebase/Core (= 4.0.3)
  - Firebase/Auth (4.0.3):
    - Firebase/Core
    - FirebaseAuth (= 4.0.0)
  - Firebase/Core (4.0.3):
    - FirebaseAnalytics (= 4.0.2)
    - FirebaseCore (= 4.0.3)
  - Firebase/Database (4.0.3):
    - Firebase/Core
    - FirebaseDatabase (= 4.0.0)
  - FirebaseAnalytics (4.0.2):
    - FirebaseCore (~> 4.0)
    - FirebaseInstanceID (~> 2.0)
    - GoogleToolboxForMac/NSData+zlib (~> 2.1)
  - FirebaseAuth (4.0.0):
    - FirebaseAnalytics (~> 4.0)
    - GoogleToolboxForMac/NSDictionary+URLArguments (~> 2.1)
    - GTMSessionFetcher/Core (~> 1.1)
  - FirebaseCore (4.0.3):
    - GoogleToolboxForMac/NSData+zlib (~> 2.1)
  - FirebaseDatabase (4.0.0):
    - FirebaseAnalytics (~> 4.0)
  - FirebaseInstanceID (2.0.0):
    - FirebaseCore (~> 4.0)
  - GoogleToolboxForMac/DebugUtils (2.1.1):
    - GoogleToolboxForMac/Defines (= 2.1.1)
  - GoogleToolboxForMac/Defines (2.1.1)
  - GoogleToolboxForMac/NSData+zlib (2.1.1):
    - GoogleToolboxForMac/Defines (= 2.1.1)
  - GoogleToolboxForMac/NSDictionary+URLArguments (2.1.1):
    - GoogleToolboxForMac/DebugUtils (= 2.1.1)
    - GoogleToolboxForMac/Defines (= 2.1.1)
    - GoogleToolboxForMac/NSString+URLArguments (= 2.1.1)
  - GoogleToolboxForMac/NSString+URLArguments (2.1.1)
  - GTMSessionFetcher/Core (1.1.11)
  - IQKeyboardManagerSwift (4.0.10)
  - JVFloatLabeledTextField (1.2.0)
  - LTHRadioButton (1.1.1)
  - RESideMenu (4.0.7)
  - SVProgressHUD (2.1.2)
  - SwiftValidator (4.0.0)
  - SwipeViewController (0.1.8)

DEPENDENCIES:
  - BEMCheckBox
  - EasyPeasy
  - Firebase
  - Firebase/Auth
  - Firebase/Core
  - Firebase/Database
  - IQKeyboardManagerSwift
  - JVFloatLabeledTextField
  - LTHRadioButton
  - RESideMenu
  - SVProgressHUD
  - SwiftValidator (from `https://github.com/jpotts18/SwiftValidator.git`, branch `master`)
  - SwipeViewController

EXTERNAL SOURCES:
  SwiftValidator:
    :branch: master
    :git: https://github.com/jpotts18/SwiftValidator.git

CHECKOUT OPTIONS:
  SwiftValidator:
    :commit: 6cff6cac3e02a617f7cf11323e18526a117d5673
    :git: https://github.com/jpotts18/SwiftValidator.git

SPEC CHECKSUMS:
  BEMCheckBox: 5ba6e37ade3d3657b36caecc35c8b75c6c2b1a4e
  EasyPeasy: 50e7130b61f495ce105796e438d4136e2c8d2cc0
  Firebase: 9e33fdfbca37cab635c693883caa90a4475b842b
  FirebaseAnalytics: ad41720e3e67fc63fbe3d2948d3e26932a8de311
  FirebaseAuth: ebb6abcbabae00fc47446d690c19ce68d8484fde
  FirebaseCore: c709067051de07bdaffdc4e735cd7299a23c463a
  FirebaseDatabase: d829b3a8c3e2ac7a16773c5df226966b0805dfc2
  FirebaseInstanceID: 9fbf536668f4d3f0880e7438456dabd1376e294b
  GoogleToolboxForMac: 8e329f1b599f2512c6b10676d45736bcc2cbbeb0
  GTMSessionFetcher: 5ad62e8200fa00ed011fe5e08d27fef72c5b1429
  IQKeyboardManagerSwift: 75ba21a23794a1e6b6fe6d9a267ea17f80e06771
  JVFloatLabeledTextField: 96c0c1b6739001801340d25b86aff990d67c4181
  LTHRadioButton: 6d54db446b2edba0eafcb65b28deedb09dad8a47
  RESideMenu: f24c508404b49c667344c54aba7e590883533958
  SVProgressHUD: c404a55d78acbeb7ebb78b76d3faf986475a6994
  SwiftValidator: 25ded5ca1f10c05adf57f6ac82a72d28ac8d91af
  SwipeViewController: 0e396aa7d7756c30f8914ef59aea2a3d7d7798bc

PODFILE CHECKSUM: ddd80e1b43d0b8c8857b4b01b11b461866fed262

COCOAPODS: 1.2.1
