PODS:
  - BEMCheckBox (1.4.1)
  - EasyPeasy (1.4.2)
  - IQKeyboardManagerSwift (4.0.10)

DEPENDENCIES:
  - BEMCheckBox
  - EasyPeasy
  - IQKeyboardManagerSwift

SPEC CHECKSUMS:
  BEMCheckBox: 5ba6e37ade3d3657b36caecc35c8b75c6c2b1a4e
  EasyPeasy: 50e7130b61f495ce105796e438d4136e2c8d2cc0
  IQKeyboardManagerSwift: 75ba21a23794a1e6b6fe6d9a267ea17f80e06771

PODFILE CHECKSUM: 8f943ce7f25197feec447502fbc602ab40b3ac6c

COCOAPODS: 1.2.1
