// !$*UTF8*$!
{
	archiveVersion = 1;
	classes = {
	};
	objectVersion = 46;
	objects = {

/* Begin PBXBuildFile section */
		180B47751F2A48C6004F8F5A /* GoogleService-Info.plist in Resources */ = {isa = PBXBuildFile; fileRef = 180B47741F2A48C6004F8F5A /* GoogleService-Info.plist */; };
		18109F781F27A72700DDA339 /* Container.swift in Sources */ = {isa = PBXBuildFile; fileRef = 18109F771F27A72700DDA339 /* Container.swift */; };
		18109F7A1F27B20C00DDA339 /* BorrowTableViewCell.swift in Sources */ = {isa = PBXBuildFile; fileRef = 18109F791F27B20C00DDA339 /* BorrowTableViewCell.swift */; };
		18109F7C1F27B75C00DDA339 /* BarrowTableViewContainer.swift in Sources */ = {isa = PBXBuildFile; fileRef = 18109F7B1F27B75C00DDA339 /* BarrowTableViewContainer.swift */; };
		18109F7E1F27C86200DDA339 /* BarrowContainerTable.swift in Sources */ = {isa = PBXBuildFile; fileRef = 18109F7D1F27C86200DDA339 /* BarrowContainerTable.swift */; };
		182A9EF41F288B700039BFB8 /* MenuViewController.swift in Sources */ = {isa = PBXBuildFile; fileRef = 182A9EF31F288B700039BFB8 /* MenuViewController.swift */; };
		184256B41F29A72500ECEDE3 /* PaddingTextField.swift in Sources */ = {isa = PBXBuildFile; fileRef = 184256B31F29A72500ECEDE3 /* PaddingTextField.swift */; };
		184256B61F29AA5800ECEDE3 /* MenuHeaderView.swift in Sources */ = {isa = PBXBuildFile; fileRef = 184256B51F29AA5800ECEDE3 /* MenuHeaderView.swift */; };
		18540A3B1F25B5660004CBD4 /* AppDelegate.swift in Sources */ = {isa = PBXBuildFile; fileRef = 18540A3A1F25B5660004CBD4 /* AppDelegate.swift */; };
		18540A3D1F25B5660004CBD4 /* ViewController.swift in Sources */ = {isa = PBXBuildFile; fileRef = 18540A3C1F25B5660004CBD4 /* ViewController.swift */; };
		18540A401F25B5660004CBD4 /* Main.storyboard in Resources */ = {isa = PBXBuildFile; fileRef = 18540A3E1F25B5660004CBD4 /* Main.storyboard */; };
		18540A421F25B5660004CBD4 /* Assets.xcassets in Resources */ = {isa = PBXBuildFile; fileRef = 18540A411F25B5660004CBD4 /* Assets.xcassets */; };
		18540A451F25B5660004CBD4 /* LaunchScreen.storyboard in Resources */ = {isa = PBXBuildFile; fileRef = 18540A431F25B5660004CBD4 /* LaunchScreen.storyboard */; };
		18540A4D1F25B8740004CBD4 /* LoginViewController.swift in Sources */ = {isa = PBXBuildFile; fileRef = 18540A4C1F25B8740004CBD4 /* LoginViewController.swift */; };
		18540A531F25C5450004CBD4 /* helpers.swift in Sources */ = {isa = PBXBuildFile; fileRef = 18540A521F25C5450004CBD4 /* helpers.swift */; };
		18540A551F260C030004CBD4 /* TextFieldWithIcon.swift in Sources */ = {isa = PBXBuildFile; fileRef = 18540A541F260C030004CBD4 /* TextFieldWithIcon.swift */; };
		187966911F3034FC0001ED8B /* phoneValidation.swift in Sources */ = {isa = PBXBuildFile; fileRef = 187966901F3034FC0001ED8B /* phoneValidation.swift */; };
		187966941F3051740001ED8B /* documentNumbersValidation.swift in Sources */ = {isa = PBXBuildFile; fileRef = 187966931F3051740001ED8B /* documentNumbersValidation.swift */; };
		18854C031F2F289500ACEC52 /* paddingTextFieldsForUserData.swift in Sources */ = {isa = PBXBuildFile; fileRef = 18854C021F2F289500ACEC52 /* paddingTextFieldsForUserData.swift */; };
		18854C051F2FB11B00ACEC52 /* nameValidation.swift in Sources */ = {isa = PBXBuildFile; fileRef = 18854C041F2FB11B00ACEC52 /* nameValidation.swift */; };
		18ED1D421F2B4BA3001B7A90 /* MenuMyDataViewController.swift in Sources */ = {isa = PBXBuildFile; fileRef = 18ED1D411F2B4BA3001B7A90 /* MenuMyDataViewController.swift */; };
		18ED1D441F2B78BF001B7A90 /* userDataModel.swift in Sources */ = {isa = PBXBuildFile; fileRef = 18ED1D431F2B78BF001B7A90 /* userDataModel.swift */; };
		18ED1D461F2B7C3B001B7A90 /* userModel.swift in Sources */ = {isa = PBXBuildFile; fileRef = 18ED1D451F2B7C3B001B7A90 /* userModel.swift */; };
		18ED8E241F28E3CB00848ACD /* MenuSideTableViewCell.swift in Sources */ = {isa = PBXBuildFile; fileRef = 18ED8E231F28E3CB00848ACD /* MenuSideTableViewCell.swift */; };
		18F07DE51F26524A0095F3A0 /* SignUpViewController.swift in Sources */ = {isa = PBXBuildFile; fileRef = 18F07DE41F26524A0095F3A0 /* SignUpViewController.swift */; };
		18F07DE71F2653000095F3A0 /* RegistrationView.swift in Sources */ = {isa = PBXBuildFile; fileRef = 18F07DE61F2653000095F3A0 /* RegistrationView.swift */; };
		18F07DE91F272BD00095F3A0 /* BorrowViewController.swift in Sources */ = {isa = PBXBuildFile; fileRef = 18F07DE81F272BD00095F3A0 /* BorrowViewController.swift */; };
		18F07DEB1F272E630095F3A0 /* TakeBorrowViewController.swift in Sources */ = {isa = PBXBuildFile; fileRef = 18F07DEA1F272E630095F3A0 /* TakeBorrowViewController.swift */; };
		18F07DED1F272E790095F3A0 /* RequestListViewController.swift in Sources */ = {isa = PBXBuildFile; fileRef = 18F07DEC1F272E790095F3A0 /* RequestListViewController.swift */; };
		18F07DEF1F273E700095F3A0 /* BorrowContainer.swift in Sources */ = {isa = PBXBuildFile; fileRef = 18F07DEE1F273E700095F3A0 /* BorrowContainer.swift */; };
		18F07DF11F273FC90095F3A0 /* ContainerContent.swift in Sources */ = {isa = PBXBuildFile; fileRef = 18F07DF01F273FC90095F3A0 /* ContainerContent.swift */; };
		18F07DF41F2765370095F3A0 /* Extensions.swift in Sources */ = {isa = PBXBuildFile; fileRef = 18F07DF31F2765370095F3A0 /* Extensions.swift */; };
		AA7F0E7D56BC5FEF47F9E8F2 /* Pods_p2p.framework in Frameworks */ = {isa = PBXBuildFile; fileRef = F5A262F04144181EFFAFE1F9 /* Pods_p2p.framework */; };
/* End PBXBuildFile section */

/* Begin PBXFileReference section */
		180B47741F2A48C6004F8F5A /* GoogleService-Info.plist */ = {isa = PBXFileReference; fileEncoding = 4; lastKnownFileType = text.plist.xml; path = "GoogleService-Info.plist"; sourceTree = "<group>"; };
		18109F771F27A72700DDA339 /* Container.swift */ = {isa = PBXFileReference; fileEncoding = 4; lastKnownFileType = sourcecode.swift; path = Container.swift; sourceTree = "<group>"; };
		18109F791F27B20C00DDA339 /* BorrowTableViewCell.swift */ = {isa = PBXFileReference; fileEncoding = 4; lastKnownFileType = sourcecode.swift; path = BorrowTableViewCell.swift; sourceTree = "<group>"; };
		18109F7B1F27B75C00DDA339 /* BarrowTableViewContainer.swift */ = {isa = PBXFileReference; fileEncoding = 4; lastKnownFileType = sourcecode.swift; path = BarrowTableViewContainer.swift; sourceTree = "<group>"; };
		18109F7D1F27C86200DDA339 /* BarrowContainerTable.swift */ = {isa = PBXFileReference; fileEncoding = 4; lastKnownFileType = sourcecode.swift; path = BarrowContainerTable.swift; sourceTree = "<group>"; };
		182A9EF31F288B700039BFB8 /* MenuViewController.swift */ = {isa = PBXFileReference; fileEncoding = 4; lastKnownFileType = sourcecode.swift; path = MenuViewController.swift; sourceTree = "<group>"; };
		184256B31F29A72500ECEDE3 /* PaddingTextField.swift */ = {isa = PBXFileReference; fileEncoding = 4; lastKnownFileType = sourcecode.swift; path = PaddingTextField.swift; sourceTree = "<group>"; };
		184256B51F29AA5800ECEDE3 /* MenuHeaderView.swift */ = {isa = PBXFileReference; fileEncoding = 4; lastKnownFileType = sourcecode.swift; path = MenuHeaderView.swift; sourceTree = "<group>"; };
		18540A371F25B5660004CBD4 /* p2p.app */ = {isa = PBXFileReference; explicitFileType = wrapper.application; includeInIndex = 0; path = p2p.app; sourceTree = BUILT_PRODUCTS_DIR; };
		18540A3A1F25B5660004CBD4 /* AppDelegate.swift */ = {isa = PBXFileReference; lastKnownFileType = sourcecode.swift; path = AppDelegate.swift; sourceTree = "<group>"; };
		18540A3C1F25B5660004CBD4 /* ViewController.swift */ = {isa = PBXFileReference; lastKnownFileType = sourcecode.swift; path = ViewController.swift; sourceTree = "<group>"; };
		18540A3F1F25B5660004CBD4 /* Base */ = {isa = PBXFileReference; lastKnownFileType = file.storyboard; name = Base; path = Base.lproj/Main.storyboard; sourceTree = "<group>"; };
		18540A411F25B5660004CBD4 /* Assets.xcassets */ = {isa = PBXFileReference; lastKnownFileType = folder.assetcatalog; path = Assets.xcassets; sourceTree = "<group>"; };
		18540A441F25B5660004CBD4 /* Base */ = {isa = PBXFileReference; lastKnownFileType = file.storyboard; name = Base; path = Base.lproj/LaunchScreen.storyboard; sourceTree = "<group>"; };
		18540A461F25B5660004CBD4 /* Info.plist */ = {isa = PBXFileReference; lastKnownFileType = text.plist.xml; path = Info.plist; sourceTree = "<group>"; };
		18540A4C1F25B8740004CBD4 /* LoginViewController.swift */ = {isa = PBXFileReference; fileEncoding = 4; lastKnownFileType = sourcecode.swift; path = LoginViewController.swift; sourceTree = "<group>"; };
		18540A521F25C5450004CBD4 /* helpers.swift */ = {isa = PBXFileReference; fileEncoding = 4; lastKnownFileType = sourcecode.swift; path = helpers.swift; sourceTree = "<group>"; };
		18540A541F260C030004CBD4 /* TextFieldWithIcon.swift */ = {isa = PBXFileReference; fileEncoding = 4; lastKnownFileType = sourcecode.swift; path = TextFieldWithIcon.swift; sourceTree = "<group>"; };
		187966901F3034FC0001ED8B /* phoneValidation.swift */ = {isa = PBXFileReference; fileEncoding = 4; lastKnownFileType = sourcecode.swift; path = phoneValidation.swift; sourceTree = "<group>"; };
		187966931F3051740001ED8B /* documentNumbersValidation.swift */ = {isa = PBXFileReference; fileEncoding = 4; lastKnownFileType = sourcecode.swift; path = documentNumbersValidation.swift; sourceTree = "<group>"; };
		18854C021F2F289500ACEC52 /* paddingTextFieldsForUserData.swift */ = {isa = PBXFileReference; fileEncoding = 4; lastKnownFileType = sourcecode.swift; path = paddingTextFieldsForUserData.swift; sourceTree = "<group>"; };
		18854C041F2FB11B00ACEC52 /* nameValidation.swift */ = {isa = PBXFileReference; fileEncoding = 4; lastKnownFileType = sourcecode.swift; path = nameValidation.swift; sourceTree = "<group>"; };
		18ED1D411F2B4BA3001B7A90 /* MenuMyDataViewController.swift */ = {isa = PBXFileReference; fileEncoding = 4; lastKnownFileType = sourcecode.swift; path = MenuMyDataViewController.swift; sourceTree = "<group>"; };
		18ED1D431F2B78BF001B7A90 /* userDataModel.swift */ = {isa = PBXFileReference; fileEncoding = 4; lastKnownFileType = sourcecode.swift; path = userDataModel.swift; sourceTree = "<group>"; };
		18ED1D451F2B7C3B001B7A90 /* userModel.swift */ = {isa = PBXFileReference; fileEncoding = 4; lastKnownFileType = sourcecode.swift; path = userModel.swift; sourceTree = "<group>"; };
		18ED8E231F28E3CB00848ACD /* MenuSideTableViewCell.swift */ = {isa = PBXFileReference; fileEncoding = 4; lastKnownFileType = sourcecode.swift; path = MenuSideTableViewCell.swift; sourceTree = "<group>"; };
		18F07DE41F26524A0095F3A0 /* SignUpViewController.swift */ = {isa = PBXFileReference; fileEncoding = 4; lastKnownFileType = sourcecode.swift; path = SignUpViewController.swift; sourceTree = "<group>"; };
		18F07DE61F2653000095F3A0 /* RegistrationView.swift */ = {isa = PBXFileReference; fileEncoding = 4; lastKnownFileType = sourcecode.swift; path = RegistrationView.swift; sourceTree = "<group>"; };
		18F07DE81F272BD00095F3A0 /* BorrowViewController.swift */ = {isa = PBXFileReference; fileEncoding = 4; lastKnownFileType = sourcecode.swift; path = BorrowViewController.swift; sourceTree = "<group>"; };
		18F07DEA1F272E630095F3A0 /* TakeBorrowViewController.swift */ = {isa = PBXFileReference; fileEncoding = 4; lastKnownFileType = sourcecode.swift; path = TakeBorrowViewController.swift; sourceTree = "<group>"; };
		18F07DEC1F272E790095F3A0 /* RequestListViewController.swift */ = {isa = PBXFileReference; fileEncoding = 4; lastKnownFileType = sourcecode.swift; path = RequestListViewController.swift; sourceTree = "<group>"; };
		18F07DEE1F273E700095F3A0 /* BorrowContainer.swift */ = {isa = PBXFileReference; fileEncoding = 4; lastKnownFileType = sourcecode.swift; path = BorrowContainer.swift; sourceTree = "<group>"; };
		18F07DF01F273FC90095F3A0 /* ContainerContent.swift */ = {isa = PBXFileReference; fileEncoding = 4; lastKnownFileType = sourcecode.swift; path = ContainerContent.swift; sourceTree = "<group>"; };
		18F07DF31F2765370095F3A0 /* Extensions.swift */ = {isa = PBXFileReference; fileEncoding = 4; lastKnownFileType = sourcecode.swift; path = Extensions.swift; sourceTree = "<group>"; };
		43C6A4945C93D41544EBDEFD /* Pods-p2p.release.xcconfig */ = {isa = PBXFileReference; includeInIndex = 1; lastKnownFileType = text.xcconfig; name = "Pods-p2p.release.xcconfig"; path = "Pods/Target Support Files/Pods-p2p/Pods-p2p.release.xcconfig"; sourceTree = "<group>"; };
		D0AF5F208D91E9370492736A /* Pods-p2p.debug.xcconfig */ = {isa = PBXFileReference; includeInIndex = 1; lastKnownFileType = text.xcconfig; name = "Pods-p2p.debug.xcconfig"; path = "Pods/Target Support Files/Pods-p2p/Pods-p2p.debug.xcconfig"; sourceTree = "<group>"; };
		F5A262F04144181EFFAFE1F9 /* Pods_p2p.framework */ = {isa = PBXFileReference; explicitFileType = wrapper.framework; includeInIndex = 0; path = Pods_p2p.framework; sourceTree = BUILT_PRODUCTS_DIR; };
/* End PBXFileReference section */

/* Begin PBXFrameworksBuildPhase section */
		18540A341F25B5660004CBD4 /* Frameworks */ = {
			isa = PBXFrameworksBuildPhase;
			buildActionMask = 2147483647;
			files = (
				AA7F0E7D56BC5FEF47F9E8F2 /* Pods_p2p.framework in Frameworks */,
			);
			runOnlyForDeploymentPostprocessing = 0;
		};
/* End PBXFrameworksBuildPhase section */

/* Begin PBXGroup section */
		14339994A8BDDA4860DE1C79 /* Pods */ = {
			isa = PBXGroup;
			children = (
				D0AF5F208D91E9370492736A /* Pods-p2p.debug.xcconfig */,
				43C6A4945C93D41544EBDEFD /* Pods-p2p.release.xcconfig */,
			);
			name = Pods;
			sourceTree = "<group>";
		};
		18540A2E1F25B5660004CBD4 = {
			isa = PBXGroup;
			children = (
				18540A391F25B5660004CBD4 /* p2p */,
				18540A381F25B5660004CBD4 /* Products */,
				14339994A8BDDA4860DE1C79 /* Pods */,
				5785EA5FCBC0369DEA967E4D /* Frameworks */,
			);
			sourceTree = "<group>";
		};
		18540A381F25B5660004CBD4 /* Products */ = {
			isa = PBXGroup;
			children = (
				18540A371F25B5660004CBD4 /* p2p.app */,
			);
			name = Products;
			sourceTree = "<group>";
		};
		18540A391F25B5660004CBD4 /* p2p */ = {
			isa = PBXGroup;
			children = (
				18F07DF21F2765200095F3A0 /* Extensions */,
				18540A511F25BB8D0004CBD4 /* Tints */,
				18540A501F25B97B0004CBD4 /* Controller */,
				18540A4F1F25B9730004CBD4 /* View */,
				18540A4E1F25B96D0004CBD4 /* Model */,
				18540A3A1F25B5660004CBD4 /* AppDelegate.swift */,
				18540A3C1F25B5660004CBD4 /* ViewController.swift */,
				18540A3E1F25B5660004CBD4 /* Main.storyboard */,
				18540A411F25B5660004CBD4 /* Assets.xcassets */,
				18540A431F25B5660004CBD4 /* LaunchScreen.storyboard */,
				18540A461F25B5660004CBD4 /* Info.plist */,
				180B47741F2A48C6004F8F5A /* GoogleService-Info.plist */,
			);
			path = p2p;
			sourceTree = "<group>";
		};
		18540A4E1F25B96D0004CBD4 /* Model */ = {
			isa = PBXGroup;
			children = (
				18ED1D431F2B78BF001B7A90 /* userDataModel.swift */,
				18ED1D451F2B7C3B001B7A90 /* userModel.swift */,
			);
			name = Model;
			sourceTree = "<group>";
		};
		18540A4F1F25B9730004CBD4 /* View */ = {
			isa = PBXGroup;
			children = (
				18540A541F260C030004CBD4 /* TextFieldWithIcon.swift */,
				184256B31F29A72500ECEDE3 /* PaddingTextField.swift */,
				18854C021F2F289500ACEC52 /* paddingTextFieldsForUserData.swift */,
				18109F771F27A72700DDA339 /* Container.swift */,
				18F07DEE1F273E700095F3A0 /* BorrowContainer.swift */,
				18F07DF01F273FC90095F3A0 /* ContainerContent.swift */,
				18109F791F27B20C00DDA339 /* BorrowTableViewCell.swift */,
				18109F7D1F27C86200DDA339 /* BarrowContainerTable.swift */,
				18109F7B1F27B75C00DDA339 /* BarrowTableViewContainer.swift */,
				18ED8E231F28E3CB00848ACD /* MenuSideTableViewCell.swift */,
				184256B51F29AA5800ECEDE3 /* MenuHeaderView.swift */,
				187966921F30351C0001ED8B /* Validation */,
			);
			name = View;
			sourceTree = "<group>";
		};
		18540A501F25B97B0004CBD4 /* Controller */ = {
			isa = PBXGroup;
			children = (
				18F07DE61F2653000095F3A0 /* RegistrationView.swift */,
				18540A4C1F25B8740004CBD4 /* LoginViewController.swift */,
				18F07DE41F26524A0095F3A0 /* SignUpViewController.swift */,
				18F07DE81F272BD00095F3A0 /* BorrowViewController.swift */,
				18F07DEA1F272E630095F3A0 /* TakeBorrowViewController.swift */,
				18F07DEC1F272E790095F3A0 /* RequestListViewController.swift */,
				182A9EF31F288B700039BFB8 /* MenuViewController.swift */,
				18ED1D411F2B4BA3001B7A90 /* MenuMyDataViewController.swift */,
			);
			name = Controller;
			sourceTree = "<group>";
		};
		18540A511F25BB8D0004CBD4 /* Tints */ = {
			isa = PBXGroup;
			children = (
				18540A521F25C5450004CBD4 /* helpers.swift */,
			);
			name = Tints;
			sourceTree = "<group>";
		};
		187966921F30351C0001ED8B /* Validation */ = {
			isa = PBXGroup;
			children = (
				18854C041F2FB11B00ACEC52 /* nameValidation.swift */,
				187966901F3034FC0001ED8B /* phoneValidation.swift */,
				187966931F3051740001ED8B /* documentNumbersValidation.swift */,
			);
			name = Validation;
			sourceTree = "<group>";
		};
		18F07DF21F2765200095F3A0 /* Extensions */ = {
			isa = PBXGroup;
			children = (
				18F07DF31F2765370095F3A0 /* Extensions.swift */,
			);
			name = Extensions;
			sourceTree = "<group>";
		};
		5785EA5FCBC0369DEA967E4D /* Frameworks */ = {
			isa = PBXGroup;
			children = (
				F5A262F04144181EFFAFE1F9 /* Pods_p2p.framework */,
			);
			name = Frameworks;
			sourceTree = "<group>";
		};
/* End PBXGroup section */

/* Begin PBXNativeTarget section */
		18540A361F25B5660004CBD4 /* p2p */ = {
			isa = PBXNativeTarget;
			buildConfigurationList = 18540A491F25B5660004CBD4 /* Build configuration list for PBXNativeTarget "p2p" */;
			buildPhases = (
				2BF4E136002678641DAD0B35 /* [CP] Check Pods Manifest.lock */,
				18540A331F25B5660004CBD4 /* Sources */,
				18540A341F25B5660004CBD4 /* Frameworks */,
				18540A351F25B5660004CBD4 /* Resources */,
				238F788B200CA9E7E4D5337E /* [CP] Embed Pods Frameworks */,
				01A9E29B96153354B7F5A26E /* [CP] Copy Pods Resources */,
			);
			buildRules = (
			);
			dependencies = (
			);
			name = p2p;
			productName = p2p;
			productReference = 18540A371F25B5660004CBD4 /* p2p.app */;
			productType = "com.apple.product-type.application";
		};
/* End PBXNativeTarget section */

/* Begin PBXProject section */
		18540A2F1F25B5660004CBD4 /* Project object */ = {
			isa = PBXProject;
			attributes = {
				LastSwiftUpdateCheck = 0830;
				LastUpgradeCheck = 0830;
				ORGANIZATIONNAME = kumardastan;
				TargetAttributes = {
					18540A361F25B5660004CBD4 = {
						CreatedOnToolsVersion = 8.3.3;
						DevelopmentTeam = 59XSW437S5;
						ProvisioningStyle = Automatic;
					};
				};
			};
			buildConfigurationList = 18540A321F25B5660004CBD4 /* Build configuration list for PBXProject "p2p" */;
			compatibilityVersion = "Xcode 3.2";
			developmentRegion = English;
			hasScannedForEncodings = 0;
			knownRegions = (
				en,
				Base,
			);
			mainGroup = 18540A2E1F25B5660004CBD4;
			productRefGroup = 18540A381F25B5660004CBD4 /* Products */;
			projectDirPath = "";
			projectRoot = "";
			targets = (
				18540A361F25B5660004CBD4 /* p2p */,
			);
		};
/* End PBXProject section */

/* Begin PBXResourcesBuildPhase section */
		18540A351F25B5660004CBD4 /* Resources */ = {
			isa = PBXResourcesBuildPhase;
			buildActionMask = 2147483647;
			files = (
				18540A451F25B5660004CBD4 /* LaunchScreen.storyboard in Resources */,
				180B47751F2A48C6004F8F5A /* GoogleService-Info.plist in Resources */,
				18540A421F25B5660004CBD4 /* Assets.xcassets in Resources */,
				18540A401F25B5660004CBD4 /* Main.storyboard in Resources */,
			);
			runOnlyForDeploymentPostprocessing = 0;
		};
/* End PBXResourcesBuildPhase section */

/* Begin PBXShellScriptBuildPhase section */
		01A9E29B96153354B7F5A26E /* [CP] Copy Pods Resources */ = {
			isa = PBXShellScriptBuildPhase;
			buildActionMask = 2147483647;
			files = (
			);
			inputPaths = (
			);
			name = "[CP] Copy Pods Resources";
			outputPaths = (
			);
			runOnlyForDeploymentPostprocessing = 0;
			shellPath = /bin/sh;
			shellScript = "\"${SRCROOT}/Pods/Target Support Files/Pods-p2p/Pods-p2p-resources.sh\"\n";
			showEnvVarsInLog = 0;
		};
		238F788B200CA9E7E4D5337E /* [CP] Embed Pods Frameworks */ = {
			isa = PBXShellScriptBuildPhase;
			buildActionMask = 2147483647;
			files = (
			);
			inputPaths = (
			);
			name = "[CP] Embed Pods Frameworks";
			outputPaths = (
			);
			runOnlyForDeploymentPostprocessing = 0;
			shellPath = /bin/sh;
			shellScript = "\"${SRCROOT}/Pods/Target Support Files/Pods-p2p/Pods-p2p-frameworks.sh\"\n";
			showEnvVarsInLog = 0;
		};
		2BF4E136002678641DAD0B35 /* [CP] Check Pods Manifest.lock */ = {
			isa = PBXShellScriptBuildPhase;
			buildActionMask = 2147483647;
			files = (
			);
			inputPaths = (
			);
			name = "[CP] Check Pods Manifest.lock";
			outputPaths = (
			);
			runOnlyForDeploymentPostprocessing = 0;
			shellPath = /bin/sh;
			shellScript = "diff \"${PODS_PODFILE_DIR_PATH}/Podfile.lock\" \"${PODS_ROOT}/Manifest.lock\" > /dev/null\nif [ $? != 0 ] ; then\n    # print error to STDERR\n    echo \"error: The sandbox is not in sync with the Podfile.lock. Run 'pod install' or update your CocoaPods installation.\" >&2\n    exit 1\nfi\n";
			showEnvVarsInLog = 0;
		};
/* End PBXShellScriptBuildPhase section */

/* Begin PBXSourcesBuildPhase section */
		18540A331F25B5660004CBD4 /* Sources */ = {
			isa = PBXSourcesBuildPhase;
			buildActionMask = 2147483647;
			files = (
				187966941F3051740001ED8B /* documentNumbersValidation.swift in Sources */,
				18F07DEF1F273E700095F3A0 /* BorrowContainer.swift in Sources */,
				18854C051F2FB11B00ACEC52 /* nameValidation.swift in Sources */,
				18F07DE51F26524A0095F3A0 /* SignUpViewController.swift in Sources */,
				18ED1D461F2B7C3B001B7A90 /* userModel.swift in Sources */,
				18540A4D1F25B8740004CBD4 /* LoginViewController.swift in Sources */,
				18ED8E241F28E3CB00848ACD /* MenuSideTableViewCell.swift in Sources */,
				18109F7E1F27C86200DDA339 /* BarrowContainerTable.swift in Sources */,
				18540A551F260C030004CBD4 /* TextFieldWithIcon.swift in Sources */,
				18109F7A1F27B20C00DDA339 /* BorrowTableViewCell.swift in Sources */,
				18F07DE71F2653000095F3A0 /* RegistrationView.swift in Sources */,
				18540A3D1F25B5660004CBD4 /* ViewController.swift in Sources */,
				184256B41F29A72500ECEDE3 /* PaddingTextField.swift in Sources */,
				18F07DEB1F272E630095F3A0 /* TakeBorrowViewController.swift in Sources */,
				184256B61F29AA5800ECEDE3 /* MenuHeaderView.swift in Sources */,
				18F07DED1F272E790095F3A0 /* RequestListViewController.swift in Sources */,
				18ED1D441F2B78BF001B7A90 /* userDataModel.swift in Sources */,
				18F07DF41F2765370095F3A0 /* Extensions.swift in Sources */,
				18540A3B1F25B5660004CBD4 /* AppDelegate.swift in Sources */,
				18540A531F25C5450004CBD4 /* helpers.swift in Sources */,
				182A9EF41F288B700039BFB8 /* MenuViewController.swift in Sources */,
				187966911F3034FC0001ED8B /* phoneValidation.swift in Sources */,
				18ED1D421F2B4BA3001B7A90 /* MenuMyDataViewController.swift in Sources */,
				18109F7C1F27B75C00DDA339 /* BarrowTableViewContainer.swift in Sources */,
				18109F781F27A72700DDA339 /* Container.swift in Sources */,
				18F07DE91F272BD00095F3A0 /* BorrowViewController.swift in Sources */,
				18854C031F2F289500ACEC52 /* paddingTextFieldsForUserData.swift in Sources */,
				18F07DF11F273FC90095F3A0 /* ContainerContent.swift in Sources */,
			);
			runOnlyForDeploymentPostprocessing = 0;
		};
/* End PBXSourcesBuildPhase section */

/* Begin PBXVariantGroup section */
		18540A3E1F25B5660004CBD4 /* Main.storyboard */ = {
			isa = PBXVariantGroup;
			children = (
				18540A3F1F25B5660004CBD4 /* Base */,
			);
			name = Main.storyboard;
			sourceTree = "<group>";
		};
		18540A431F25B5660004CBD4 /* LaunchScreen.storyboard */ = {
			isa = PBXVariantGroup;
			children = (
				18540A441F25B5660004CBD4 /* Base */,
			);
			name = LaunchScreen.storyboard;
			sourceTree = "<group>";
		};
/* End PBXVariantGroup section */

/* Begin XCBuildConfiguration section */
		18540A471F25B5660004CBD4 /* Debug */ = {
			isa = XCBuildConfiguration;
			buildSettings = {
				ALWAYS_SEARCH_USER_PATHS = NO;
				CLANG_ANALYZER_NONNULL = YES;
				CLANG_ANALYZER_NUMBER_OBJECT_CONVERSION = YES_AGGRESSIVE;
				CLANG_CXX_LANGUAGE_STANDARD = "gnu++0x";
				CLANG_CXX_LIBRARY = "libc++";
				CLANG_ENABLE_MODULES = YES;
				CLANG_ENABLE_OBJC_ARC = YES;
				CLANG_WARN_BOOL_CONVERSION = YES;
				CLANG_WARN_CONSTANT_CONVERSION = YES;
				CLANG_WARN_DIRECT_OBJC_ISA_USAGE = YES_ERROR;
				CLANG_WARN_DOCUMENTATION_COMMENTS = YES;
				CLANG_WARN_EMPTY_BODY = YES;
				CLANG_WARN_ENUM_CONVERSION = YES;
				CLANG_WARN_INFINITE_RECURSION = YES;
				CLANG_WARN_INT_CONVERSION = YES;
				CLANG_WARN_OBJC_ROOT_CLASS = YES_ERROR;
				CLANG_WARN_SUSPICIOUS_MOVE = YES;
				CLANG_WARN_UNREACHABLE_CODE = YES;
				CLANG_WARN__DUPLICATE_METHOD_MATCH = YES;
				"CODE_SIGN_IDENTITY[sdk=iphoneos*]" = "iPhone Developer";
				COPY_PHASE_STRIP = NO;
				DEBUG_INFORMATION_FORMAT = dwarf;
				ENABLE_STRICT_OBJC_MSGSEND = YES;
				ENABLE_TESTABILITY = YES;
				GCC_C_LANGUAGE_STANDARD = gnu99;
				GCC_DYNAMIC_NO_PIC = NO;
				GCC_NO_COMMON_BLOCKS = YES;
				GCC_OPTIMIZATION_LEVEL = 0;
				GCC_PREPROCESSOR_DEFINITIONS = (
					"DEBUG=1",
					"$(inherited)",
				);
				GCC_WARN_64_TO_32_BIT_CONVERSION = YES;
				GCC_WARN_ABOUT_RETURN_TYPE = YES_ERROR;
				GCC_WARN_UNDECLARED_SELECTOR = YES;
				GCC_WARN_UNINITIALIZED_AUTOS = YES_AGGRESSIVE;
				GCC_WARN_UNUSED_FUNCTION = YES;
				GCC_WARN_UNUSED_VARIABLE = YES;
				IPHONEOS_DEPLOYMENT_TARGET = 10.3;
				MTL_ENABLE_DEBUG_INFO = YES;
				ONLY_ACTIVE_ARCH = YES;
				SDKROOT = iphoneos;
				SWIFT_ACTIVE_COMPILATION_CONDITIONS = DEBUG;
				SWIFT_OPTIMIZATION_LEVEL = "-Onone";
			};
			name = Debug;
		};
		18540A481F25B5660004CBD4 /* Release */ = {
			isa = XCBuildConfiguration;
			buildSettings = {
				ALWAYS_SEARCH_USER_PATHS = NO;
				CLANG_ANALYZER_NONNULL = YES;
				CLANG_ANALYZER_NUMBER_OBJECT_CONVERSION = YES_AGGRESSIVE;
				CLANG_CXX_LANGUAGE_STANDARD = "gnu++0x";
				CLANG_CXX_LIBRARY = "libc++";
				CLANG_ENABLE_MODULES = YES;
				CLANG_ENABLE_OBJC_ARC = YES;
				CLANG_WARN_BOOL_CONVERSION = YES;
				CLANG_WARN_CONSTANT_CONVERSION = YES;
				CLANG_WARN_DIRECT_OBJC_ISA_USAGE = YES_ERROR;
				CLANG_WARN_DOCUMENTATION_COMMENTS = YES;
				CLANG_WARN_EMPTY_BODY = YES;
				CLANG_WARN_ENUM_CONVERSION = YES;
				CLANG_WARN_INFINITE_RECURSION = YES;
				CLANG_WARN_INT_CONVERSION = YES;
				CLANG_WARN_OBJC_ROOT_CLASS = YES_ERROR;
				CLANG_WARN_SUSPICIOUS_MOVE = YES;
				CLANG_WARN_UNREACHABLE_CODE = YES;
				CLANG_WARN__DUPLICATE_METHOD_MATCH = YES;
				"CODE_SIGN_IDENTITY[sdk=iphoneos*]" = "iPhone Developer";
				COPY_PHASE_STRIP = NO;
				DEBUG_INFORMATION_FORMAT = "dwarf-with-dsym";
				ENABLE_NS_ASSERTIONS = NO;
				ENABLE_STRICT_OBJC_MSGSEND = YES;
				GCC_C_LANGUAGE_STANDARD = gnu99;
				GCC_NO_COMMON_BLOCKS = YES;
				GCC_WARN_64_TO_32_BIT_CONVERSION = YES;
				GCC_WARN_ABOUT_RETURN_TYPE = YES_ERROR;
				GCC_WARN_UNDECLARED_SELECTOR = YES;
				GCC_WARN_UNINITIALIZED_AUTOS = YES_AGGRESSIVE;
				GCC_WARN_UNUSED_FUNCTION = YES;
				GCC_WARN_UNUSED_VARIABLE = YES;
				IPHONEOS_DEPLOYMENT_TARGET = 10.3;
				MTL_ENABLE_DEBUG_INFO = NO;
				SDKROOT = iphoneos;
				SWIFT_OPTIMIZATION_LEVEL = "-Owholemodule";
				VALIDATE_PRODUCT = YES;
			};
			name = Release;
		};
		18540A4A1F25B5660004CBD4 /* Debug */ = {
			isa = XCBuildConfiguration;
			baseConfigurationReference = D0AF5F208D91E9370492736A /* Pods-p2p.debug.xcconfig */;
			buildSettings = {
				ASSETCATALOG_COMPILER_APPICON_NAME = AppIcon;
				DEVELOPMENT_TEAM = 59XSW437S5;
				INFOPLIST_FILE = p2p/Info.plist;
				LD_RUNPATH_SEARCH_PATHS = "$(inherited) @executable_path/Frameworks";
				PRODUCT_BUNDLE_IDENTIFIER = com.kumardastan.p2p;
				PRODUCT_NAME = "$(TARGET_NAME)";
				SWIFT_VERSION = 3.0;
			};
			name = Debug;
		};
		18540A4B1F25B5660004CBD4 /* Release */ = {
			isa = XCBuildConfiguration;
			baseConfigurationReference = 43C6A4945C93D41544EBDEFD /* Pods-p2p.release.xcconfig */;
			buildSettings = {
				ASSETCATALOG_COMPILER_APPICON_NAME = AppIcon;
				DEVELOPMENT_TEAM = 59XSW437S5;
				INFOPLIST_FILE = p2p/Info.plist;
				LD_RUNPATH_SEARCH_PATHS = "$(inherited) @executable_path/Frameworks";
				PRODUCT_BUNDLE_IDENTIFIER = com.kumardastan.p2p;
				PRODUCT_NAME = "$(TARGET_NAME)";
				SWIFT_VERSION = 3.0;
			};
			name = Release;
		};
/* End XCBuildConfiguration section */

/* Begin XCConfigurationList section */
		18540A321F25B5660004CBD4 /* Build configuration list for PBXProject "p2p" */ = {
			isa = XCConfigurationList;
			buildConfigurations = (
				18540A471F25B5660004CBD4 /* Debug */,
				18540A481F25B5660004CBD4 /* Release */,
			);
			defaultConfigurationIsVisible = 0;
			defaultConfigurationName = Release;
		};
		18540A491F25B5660004CBD4 /* Build configuration list for PBXNativeTarget "p2p" */ = {
			isa = XCConfigurationList;
			buildConfigurations = (
				18540A4A1F25B5660004CBD4 /* Debug */,
				18540A4B1F25B5660004CBD4 /* Release */,
			);
			defaultConfigurationIsVisible = 0;
			defaultConfigurationName = Release;
		};
/* End XCConfigurationList section */
	};
	rootObject = 18540A2F1F25B5660004CBD4 /* Project object */;
}
